
Microsoft Visual Studio Solution File, Format Version 12.00
# Visual Studio Version 16
VisualStudioVersion = 16.0.30114.105
MinimumVisualStudioVersion = 10.0.40219.1
Project("{FAE04EC0-301F-11D3-BF4B-00C04F79EFBC}") = "Entities", "Entities\Entities.csproj", "{CEA1ECFA-D25C-4787-94CF-F911F3BCEBB6}"
EndProject
Project("{FAE04EC0-301F-11D3-BF4B-00C04F79EFBC}") = "DataAccess", "DataAccess\DataAccess.csproj", "{B8FF6B50-F0C4-4BC1-9448-E214FA9E5C34}"
EndProject
Project("{FAE04EC0-301F-11D3-BF4B-00C04F79EFBC}") = "Business", "Business\Business.csproj", "{FA4E1042-7B45-4C0E-BB8A-DE784EB31E69}"
EndProject
Project("{FAE04EC0-301F-11D3-BF4B-00C04F79EFBC}") = "ConsoleUI", "ConsoleUI\ConsoleUI.csproj", "{F81D6B82-6746-4F4C-B383-B1A469CC4395}"
EndProject
Global
	GlobalSection(SolutionConfigurationPlatforms) = preSolution
		Debug|Any CPU = Debug|Any CPU
		Release|Any CPU = Release|Any CPU
	EndGlobalSection
	GlobalSection(ProjectConfigurationPlatforms) = postSolution
		{CEA1ECFA-D25C-4787-94CF-F911F3BCEBB6}.Debug|Any CPU.ActiveCfg = Debug|Any CPU
		{CEA1ECFA-D25C-4787-94CF-F911F3BCEBB6}.Debug|Any CPU.Build.0 = Debug|Any CPU
		{CEA1ECFA-D25C-4787-94CF-F911F3BCEBB6}.Release|Any CPU.ActiveCfg = Release|Any CPU
		{CEA1ECFA-D25C-4787-94CF-F911F3BCEBB6}.Release|Any CPU.Build.0 = Release|Any CPU
		{B8FF6B50-F0C4-4BC1-9448-E214FA9E5C34}.Debug|Any CPU.ActiveCfg = Debug|Any CPU
		{B8FF6B50-F0C4-4BC1-9448-E214FA9E5C34}.Debug|Any CPU.Build.0 = Debug|Any CPU
		{B8FF6B50-F0C4-4BC1-9448-E214FA9E5C34}.Release|Any CPU.ActiveCfg = Release|Any CPU
		{B8FF6B50-F0C4-4BC1-9448-E214FA9E5C34}.Release|Any CPU.Build.0 = Release|Any CPU
		{FA4E1042-7B45-4C0E-BB8A-DE784EB31E69}.Debug|Any CPU.ActiveCfg = Debug|Any CPU
		{FA4E1042-7B45-4C0E-BB8A-DE784EB31E69}.Debug|Any CPU.Build.0 = Debug|Any CPU
		{FA4E1042-7B45-4C0E-BB8A-DE784EB31E69}.Release|Any CPU.ActiveCfg = Release|Any CPU
		{FA4E1042-7B45-4C0E-BB8A-DE784EB31E69}.Release|Any CPU.Build.0 = Release|Any CPU
		{F81D6B82-6746-4F4C-B383-B1A469CC4395}.Debug|Any CPU.ActiveCfg = Debug|Any CPU
		{F81D6B82-6746-4F4C-B383-B1A469CC4395}.Debug|Any CPU.Build.0 = Debug|Any CPU
		{F81D6B82-6746-4F4C-B383-B1A469CC4395}.Release|Any CPU.ActiveCfg = Release|Any CPU
		{F81D6B82-6746-4F4C-B383-B1A469CC4395}.Release|Any CPU.Build.0 = Release|Any CPU
	EndGlobalSection
	GlobalSection(SolutionProperties) = preSolution
		HideSolutionNode = FALSE
	EndGlobalSection
	GlobalSection(ExtensibilityGlobals) = postSolution
		SolutionGuid = {57C64476-0452-461D-890D-142039879404}
	EndGlobalSection
EndGlobal
